PODS:
  - DeviceDNA (0.1.6)
  - JudoKit (7.1.0):
    - DeviceDNA
    - TrustKit
  - TrustKit (1.5.3)
  - VisaCheckoutSDK (6.3.0)

DEPENDENCIES:
  - JudoKit (~> 7.1.0)
  - VisaCheckoutSDK (~> 6.3.0)

SPEC REPOS:
  https://github.com/cocoapods/specs.git:
    - DeviceDNA
    - JudoKit
    - TrustKit
    - VisaCheckoutSDK

SPEC CHECKSUMS:
  DeviceDNA: 06c4c1af198fc8b44711d10bed39e0a8638b490d
  JudoKit: 93425d92351c0df361b6320d3afd929f6a0651a0
  TrustKit: b2bd5cb6a69cb17a95af87af327ecaa93c8da4bd
  VisaCheckoutSDK: 1a12685f0997fb3c255814195a8e8cfc9dade709

PODFILE CHECKSUM: e1b144b3e4c4af34040dcc2cf755c946ed893fac

COCOAPODS: 1.5.3
